// !$*UTF8*$!
{
	archiveVersion = 1;
	classes = {
	};
	objectVersion = 56;
	objects = {

/* Begin PBXBuildFile section */
		682AF19229D614000032F7EB /* shotTimerSwiftUIApp.swift in Sources */ = {isa = PBXBuildFile; fileRef = 682AF19129D614000032F7EB /* shotTimerSwiftUIApp.swift */; };
		682AF19429D614000032F7EB /* ShotDetectorView.swift in Sources */ = {isa = PBXBuildFile; fileRef = 682AF19329D614000032F7EB /* ShotDetectorView.swift */; };
		682AF19629D614020032F7EB /* Assets.xcassets in Resources */ = {isa = PBXBuildFile; fileRef = 682AF19529D614020032F7EB /* Assets.xcassets */; };
		682AF19929D614020032F7EB /* Preview Assets.xcassets in Resources */ = {isa = PBXBuildFile; fileRef = 682AF19829D614020032F7EB /* Preview Assets.xcassets */; };
		682AF1A029D614830032F7EB /* ShotDetectorViewModel.swift in Sources */ = {isa = PBXBuildFile; fileRef = 682AF19F29D614830032F7EB /* ShotDetectorViewModel.swift */; };
		6861ACDB29E734B30023B9FD /* Settings.swift in Sources */ = {isa = PBXBuildFile; fileRef = 6861ACDA29E734B30023B9FD /* Settings.swift */; };
		6867261829D75A300042EA6D /* beep-04.wav in Resources */ = {isa = PBXBuildFile; fileRef = 6867261729D75A300042EA6D /* beep-04.wav */; };
		6867261A29D75B530042EA6D /* beep-01.wav in Resources */ = {isa = PBXBuildFile; fileRef = 6867261929D75B530042EA6D /* beep-01.wav */; };
		6867261C29D782C50042EA6D /* SettingsView.swift in Sources */ = {isa = PBXBuildFile; fileRef = 6867261B29D782C50042EA6D /* SettingsView.swift */; };
		6867261E29D83FCE0042EA6D /* ControlMenuView.swift in Sources */ = {isa = PBXBuildFile; fileRef = 6867261D29D83FCE0042EA6D /* ControlMenuView.swift */; };
		6867262029D853950042EA6D /* SettingsViewModel.swift in Sources */ = {isa = PBXBuildFile; fileRef = 6867261F29D853950042EA6D /* SettingsViewModel.swift */; };
		6874B8E929DA312E0040644A /* AutoConfigView.swift in Sources */ = {isa = PBXBuildFile; fileRef = 6874B8E829DA312E0040644A /* AutoConfigView.swift */; };
		6874B8EB29DA326B0040644A /* AutoConfigViewModel.swift in Sources */ = {isa = PBXBuildFile; fileRef = 6874B8EA29DA326B0040644A /* AutoConfigViewModel.swift */; };
		6874B90C29DCBEB00040644A /* ProgressCircleView.swift in Sources */ = {isa = PBXBuildFile; fileRef = 6874B90B29DCBEB00040644A /* ProgressCircleView.swift */; };
		68A4308729EAAAEA00A5AC47 /* beep-08.wav in Resources */ = {isa = PBXBuildFile; fileRef = 68A4307F29EAAAEA00A5AC47 /* beep-08.wav */; };
		68A4308829EAAAEA00A5AC47 /* beep-02.wav in Resources */ = {isa = PBXBuildFile; fileRef = 68A4308029EAAAEA00A5AC47 /* beep-02.wav */; };
		68A4308929EAAAEA00A5AC47 /* beep-05.wav in Resources */ = {isa = PBXBuildFile; fileRef = 68A4308129EAAAEA00A5AC47 /* beep-05.wav */; };
		68A4308A29EAAAEA00A5AC47 /* beep-03.wav in Resources */ = {isa = PBXBuildFile; fileRef = 68A4308229EAAAEA00A5AC47 /* beep-03.wav */; };
		68A4308B29EAAAEA00A5AC47 /* beep-06.wav in Resources */ = {isa = PBXBuildFile; fileRef = 68A4308329EAAAEA00A5AC47 /* beep-06.wav */; };
		68A4308C29EAAAEA00A5AC47 /* beep-09.wav in Resources */ = {isa = PBXBuildFile; fileRef = 68A4308429EAAAEA00A5AC47 /* beep-09.wav */; };
		68A4308D29EAAAEA00A5AC47 /* beep-10.wav in Resources */ = {isa = PBXBuildFile; fileRef = 68A4308529EAAAEA00A5AC47 /* beep-10.wav */; };
		68A4308E29EAAAEA00A5AC47 /* beep-07.wav in Resources */ = {isa = PBXBuildFile; fileRef = 68A4308629EAAAEA00A5AC47 /* beep-07.wav */; };
		68A4309229EAD3D900A5AC47 /* AudioManager.swift in Sources */ = {isa = PBXBuildFile; fileRef = 68A4309129EAD3D900A5AC47 /* AudioManager.swift */; };
		68C9B67729D7256000E2CA4C /* Shot.swift in Sources */ = {isa = PBXBuildFile; fileRef = 68C9B67629D7256000E2CA4C /* Shot.swift */; };
/* End PBXBuildFile section */

/* Begin PBXFileReference section */
		682AF18E29D614000032F7EB /* shotTimerSwiftUI.app */ = {isa = PBXFileReference; explicitFileType = wrapper.application; includeInIndex = 0; path = shotTimerSwiftUI.app; sourceTree = BUILT_PRODUCTS_DIR; };
		682AF19129D614000032F7EB /* shotTimerSwiftUIApp.swift */ = {isa = PBXFileReference; lastKnownFileType = sourcecode.swift; path = shotTimerSwiftUIApp.swift; sourceTree = "<group>"; };
		682AF19329D614000032F7EB /* ShotDetectorView.swift */ = {isa = PBXFileReference; lastKnownFileType = sourcecode.swift; path = ShotDetectorView.swift; sourceTree = "<group>"; };
		682AF19529D614020032F7EB /* Assets.xcassets */ = {isa = PBXFileReference; lastKnownFileType = folder.assetcatalog; path = Assets.xcassets; sourceTree = "<group>"; };
		682AF19829D614020032F7EB /* Preview Assets.xcassets */ = {isa = PBXFileReference; lastKnownFileType = folder.assetcatalog; path = "Preview Assets.xcassets"; sourceTree = "<group>"; };
		682AF19F29D614830032F7EB /* ShotDetectorViewModel.swift */ = {isa = PBXFileReference; lastKnownFileType = sourcecode.swift; path = ShotDetectorViewModel.swift; sourceTree = "<group>"; };
		6861ACDA29E734B30023B9FD /* Settings.swift */ = {isa = PBXFileReference; lastKnownFileType = sourcecode.swift; path = Settings.swift; sourceTree = "<group>"; };
		6867261729D75A300042EA6D /* beep-04.wav */ = {isa = PBXFileReference; lastKnownFileType = audio.wav; path = "beep-04.wav"; sourceTree = "<group>"; };
		6867261929D75B530042EA6D /* beep-01.wav */ = {isa = PBXFileReference; lastKnownFileType = audio.wav; path = "beep-01.wav"; sourceTree = "<group>"; };
		6867261B29D782C50042EA6D /* SettingsView.swift */ = {isa = PBXFileReference; lastKnownFileType = sourcecode.swift; path = SettingsView.swift; sourceTree = "<group>"; };
		6867261D29D83FCE0042EA6D /* ControlMenuView.swift */ = {isa = PBXFileReference; lastKnownFileType = sourcecode.swift; path = ControlMenuView.swift; sourceTree = "<group>"; };
		6867261F29D853950042EA6D /* SettingsViewModel.swift */ = {isa = PBXFileReference; lastKnownFileType = sourcecode.swift; path = SettingsViewModel.swift; sourceTree = "<group>"; };
		6874B8E829DA312E0040644A /* AutoConfigView.swift */ = {isa = PBXFileReference; lastKnownFileType = sourcecode.swift; path = AutoConfigView.swift; sourceTree = "<group>"; };
		6874B8EA29DA326B0040644A /* AutoConfigViewModel.swift */ = {isa = PBXFileReference; lastKnownFileType = sourcecode.swift; path = AutoConfigViewModel.swift; sourceTree = "<group>"; };
		6874B90B29DCBEB00040644A /* ProgressCircleView.swift */ = {isa = PBXFileReference; lastKnownFileType = sourcecode.swift; path = ProgressCircleView.swift; sourceTree = "<group>"; };
		68A4307F29EAAAEA00A5AC47 /* beep-08.wav */ = {isa = PBXFileReference; lastKnownFileType = audio.wav; path = "beep-08.wav"; sourceTree = "<group>"; };
		68A4308029EAAAEA00A5AC47 /* beep-02.wav */ = {isa = PBXFileReference; lastKnownFileType = audio.wav; path = "beep-02.wav"; sourceTree = "<group>"; };
		68A4308129EAAAEA00A5AC47 /* beep-05.wav */ = {isa = PBXFileReference; lastKnownFileType = audio.wav; path = "beep-05.wav"; sourceTree = "<group>"; };
		68A4308229EAAAEA00A5AC47 /* beep-03.wav */ = {isa = PBXFileReference; lastKnownFileType = audio.wav; path = "beep-03.wav"; sourceTree = "<group>"; };
		68A4308329EAAAEA00A5AC47 /* beep-06.wav */ = {isa = PBXFileReference; lastKnownFileType = audio.wav; path = "beep-06.wav"; sourceTree = "<group>"; };
		68A4308429EAAAEA00A5AC47 /* beep-09.wav */ = {isa = PBXFileReference; lastKnownFileType = audio.wav; path = "beep-09.wav"; sourceTree = "<group>"; };
		68A4308529EAAAEA00A5AC47 /* beep-10.wav */ = {isa = PBXFileReference; lastKnownFileType = audio.wav; path = "beep-10.wav"; sourceTree = "<group>"; };
		68A4308629EAAAEA00A5AC47 /* beep-07.wav */ = {isa = PBXFileReference; lastKnownFileType = audio.wav; path = "beep-07.wav"; sourceTree = "<group>"; };
		68A4309129EAD3D900A5AC47 /* AudioManager.swift */ = {isa = PBXFileReference; lastKnownFileType = sourcecode.swift; path = AudioManager.swift; sourceTree = "<group>"; };
		68C9B67529D71E8B00E2CA4C /* Info.plist */ = {isa = PBXFileReference; lastKnownFileType = text.plist; path = Info.plist; sourceTree = "<group>"; };
		68C9B67629D7256000E2CA4C /* Shot.swift */ = {isa = PBXFileReference; lastKnownFileType = sourcecode.swift; path = Shot.swift; sourceTree = "<group>"; };
/* End PBXFileReference section */

/* Begin PBXFrameworksBuildPhase section */
		682AF18B29D614000032F7EB /* Frameworks */ = {
			isa = PBXFrameworksBuildPhase;
			buildActionMask = 2147483647;
			files = (
			);
			runOnlyForDeploymentPostprocessing = 0;
		};
/* End PBXFrameworksBuildPhase section */

/* Begin PBXGroup section */
		682AF18529D613FF0032F7EB = {
			isa = PBXGroup;
			children = (
				682AF19029D614000032F7EB /* shotTimerSwiftUI */,
				682AF18F29D614000032F7EB /* Products */,
			);
			sourceTree = "<group>";
		};
		682AF18F29D614000032F7EB /* Products */ = {
			isa = PBXGroup;
			children = (
				682AF18E29D614000032F7EB /* shotTimerSwiftUI.app */,
			);
			name = Products;
			sourceTree = "<group>";
		};
		682AF19029D614000032F7EB /* shotTimerSwiftUI */ = {
			isa = PBXGroup;
			children = (
				68C9B67529D71E8B00E2CA4C /* Info.plist */,
				682AF19129D614000032F7EB /* shotTimerSwiftUIApp.swift */,
				68A4307A29EAA0EF00A5AC47 /* Detector */,
				68A4307B29EAA11600A5AC47 /* Settings */,
				68A4307C29EAA12000A5AC47 /* AutoConfig */,
				68A4307E29EAA1C400A5AC47 /* Helpers */,
				68A4307D29EAA1B600A5AC47 /* Sounds */,
				682AF19529D614020032F7EB /* Assets.xcassets */,
				682AF19729D614020032F7EB /* Preview Content */,
			);
			path = shotTimerSwiftUI;
			sourceTree = "<group>";
		};
		682AF19729D614020032F7EB /* Preview Content */ = {
			isa = PBXGroup;
			children = (
				682AF19829D614020032F7EB /* Preview Assets.xcassets */,
			);
			path = "Preview Content";
			sourceTree = "<group>";
		};
		68A4307A29EAA0EF00A5AC47 /* Detector */ = {
			isa = PBXGroup;
			children = (
				6867261D29D83FCE0042EA6D /* ControlMenuView.swift */,
				682AF19329D614000032F7EB /* ShotDetectorView.swift */,
				682AF19F29D614830032F7EB /* ShotDetectorViewModel.swift */,
				68C9B67629D7256000E2CA4C /* Shot.swift */,
			);
			path = Detector;
			sourceTree = "<group>";
		};
		68A4307B29EAA11600A5AC47 /* Settings */ = {
			isa = PBXGroup;
			children = (
				6867261B29D782C50042EA6D /* SettingsView.swift */,
				6867261F29D853950042EA6D /* SettingsViewModel.swift */,
				6861ACDA29E734B30023B9FD /* Settings.swift */,
			);
			path = Settings;
			sourceTree = "<group>";
		};
		68A4307C29EAA12000A5AC47 /* AutoConfig */ = {
			isa = PBXGroup;
			children = (
				6874B8E829DA312E0040644A /* AutoConfigView.swift */,
				6874B8EA29DA326B0040644A /* AutoConfigViewModel.swift */,
				6874B90B29DCBEB00040644A /* ProgressCircleView.swift */,
			);
			path = AutoConfig;
			sourceTree = "<group>";
		};
		68A4307D29EAA1B600A5AC47 /* Sounds */ = {
			isa = PBXGroup;
			children = (
				68A4308029EAAAEA00A5AC47 /* beep-02.wav */,
				68A4308229EAAAEA00A5AC47 /* beep-03.wav */,
				68A4308129EAAAEA00A5AC47 /* beep-05.wav */,
				68A4308329EAAAEA00A5AC47 /* beep-06.wav */,
				68A4308629EAAAEA00A5AC47 /* beep-07.wav */,
				68A4307F29EAAAEA00A5AC47 /* beep-08.wav */,
				68A4308429EAAAEA00A5AC47 /* beep-09.wav */,
				68A4308529EAAAEA00A5AC47 /* beep-10.wav */,
				6867261729D75A300042EA6D /* beep-04.wav */,
				6867261929D75B530042EA6D /* beep-01.wav */,
			);
			path = Sounds;
			sourceTree = "<group>";
		};
		68A4307E29EAA1C400A5AC47 /* Helpers */ = {
			isa = PBXGroup;
			children = (
				68A4309129EAD3D900A5AC47 /* AudioManager.swift */,
			);
			path = Helpers;
			sourceTree = "<group>";
		};
/* End PBXGroup section */

/* Begin PBXNativeTarget section */
		682AF18D29D614000032F7EB /* shotTimerSwiftUI */ = {
			isa = PBXNativeTarget;
			buildConfigurationList = 682AF19C29D614020032F7EB /* Build configuration list for PBXNativeTarget "shotTimerSwiftUI" */;
			buildPhases = (
				682AF18A29D614000032F7EB /* Sources */,
				682AF18B29D614000032F7EB /* Frameworks */,
				682AF18C29D614000032F7EB /* Resources */,
			);
			buildRules = (
			);
			dependencies = (
			);
			name = shotTimerSwiftUI;
			packageProductDependencies = (
			);
			productName = shotTimerSwiftUI;
			productReference = 682AF18E29D614000032F7EB /* shotTimerSwiftUI.app */;
			productType = "com.apple.product-type.application";
		};
/* End PBXNativeTarget section */

/* Begin PBXProject section */
		682AF18629D613FF0032F7EB /* Project object */ = {
			isa = PBXProject;
			attributes = {
				BuildIndependentTargetsInParallel = 1;
				LastSwiftUpdateCheck = 1400;
				LastUpgradeCheck = 1400;
				TargetAttributes = {
					682AF18D29D614000032F7EB = {
						CreatedOnToolsVersion = 14.0.1;
					};
				};
			};
			buildConfigurationList = 682AF18929D613FF0032F7EB /* Build configuration list for PBXProject "shotTimerSwiftUI" */;
			compatibilityVersion = "Xcode 14.0";
			developmentRegion = en;
			hasScannedForEncodings = 0;
			knownRegions = (
				en,
				Base,
			);
			mainGroup = 682AF18529D613FF0032F7EB;
			packageReferences = (
			);
			productRefGroup = 682AF18F29D614000032F7EB /* Products */;
			projectDirPath = "";
			projectRoot = "";
			targets = (
				682AF18D29D614000032F7EB /* shotTimerSwiftUI */,
			);
		};
/* End PBXProject section */

/* Begin PBXResourcesBuildPhase section */
		682AF18C29D614000032F7EB /* Resources */ = {
			isa = PBXResourcesBuildPhase;
			buildActionMask = 2147483647;
			files = (
				682AF19929D614020032F7EB /* Preview Assets.xcassets in Resources */,
				6867261829D75A300042EA6D /* beep-04.wav in Resources */,
				682AF19629D614020032F7EB /* Assets.xcassets in Resources */,
				68A4308A29EAAAEA00A5AC47 /* beep-03.wav in Resources */,
				68A4308B29EAAAEA00A5AC47 /* beep-06.wav in Resources */,
				68A4308D29EAAAEA00A5AC47 /* beep-10.wav in Resources */,
				68A4308929EAAAEA00A5AC47 /* beep-05.wav in Resources */,
				6867261A29D75B530042EA6D /* beep-01.wav in Resources */,
				68A4308C29EAAAEA00A5AC47 /* beep-09.wav in Resources */,
				68A4308E29EAAAEA00A5AC47 /* beep-07.wav in Resources */,
				68A4308829EAAAEA00A5AC47 /* beep-02.wav in Resources */,
				68A4308729EAAAEA00A5AC47 /* beep-08.wav in Resources */,
			);
			runOnlyForDeploymentPostprocessing = 0;
		};
/* End PBXResourcesBuildPhase section */

/* Begin PBXSourcesBuildPhase section */
		682AF18A29D614000032F7EB /* Sources */ = {
			isa = PBXSourcesBuildPhase;
			buildActionMask = 2147483647;
			files = (
				682AF19429D614000032F7EB /* ShotDetectorView.swift in Sources */,
				6874B90C29DCBEB00040644A /* ProgressCircleView.swift in Sources */,
				6874B8E929DA312E0040644A /* AutoConfigView.swift in Sources */,
				6867261E29D83FCE0042EA6D /* ControlMenuView.swift in Sources */,
				6874B8EB29DA326B0040644A /* AutoConfigViewModel.swift in Sources */,
				6867261C29D782C50042EA6D /* SettingsView.swift in Sources */,
				68C9B67729D7256000E2CA4C /* Shot.swift in Sources */,
				68A4309229EAD3D900A5AC47 /* AudioManager.swift in Sources */,
				682AF1A029D614830032F7EB /* ShotDetectorViewModel.swift in Sources */,
				682AF19229D614000032F7EB /* shotTimerSwiftUIApp.swift in Sources */,
				6861ACDB29E734B30023B9FD /* Settings.swift in Sources */,
				6867262029D853950042EA6D /* SettingsViewModel.swift in Sources */,
			);
			runOnlyForDeploymentPostprocessing = 0;
		};
/* End PBXSourcesBuildPhase section */

/* Begin XCBuildConfiguration section */
		682AF19A29D614020032F7EB /* Debug */ = {
			isa = XCBuildConfiguration;
			buildSettings = {
				ALWAYS_SEARCH_USER_PATHS = NO;
				CLANG_ANALYZER_NONNULL = YES;
				CLANG_ANALYZER_NUMBER_OBJECT_CONVERSION = YES_AGGRESSIVE;
				CLANG_CXX_LANGUAGE_STANDARD = "gnu++20";
				CLANG_ENABLE_MODULES = YES;
				CLANG_ENABLE_OBJC_ARC = YES;
				CLANG_ENABLE_OBJC_WEAK = YES;
				CLANG_WARN_BLOCK_CAPTURE_AUTORELEASING = YES;
				CLANG_WARN_BOOL_CONVERSION = YES;
				CLANG_WARN_COMMA = YES;
				CLANG_WARN_CONSTANT_CONVERSION = YES;
				CLANG_WARN_DEPRECATED_OBJC_IMPLEMENTATIONS = YES;
				CLANG_WARN_DIRECT_OBJC_ISA_USAGE = YES_ERROR;
				CLANG_WARN_DOCUMENTATION_COMMENTS = YES;
				CLANG_WARN_EMPTY_BODY = YES;
				CLANG_WARN_ENUM_CONVERSION = YES;
				CLANG_WARN_INFINITE_RECURSION = YES;
				CLANG_WARN_INT_CONVERSION = YES;
				CLANG_WARN_NON_LITERAL_NULL_CONVERSION = YES;
				CLANG_WARN_OBJC_IMPLICIT_RETAIN_SELF = YES;
				CLANG_WARN_OBJC_LITERAL_CONVERSION = YES;
				CLANG_WARN_OBJC_ROOT_CLASS = YES_ERROR;
				CLANG_WARN_QUOTED_INCLUDE_IN_FRAMEWORK_HEADER = YES;
				CLANG_WARN_RANGE_LOOP_ANALYSIS = YES;
				CLANG_WARN_STRICT_PROTOTYPES = YES;
				CLANG_WARN_SUSPICIOUS_MOVE = YES;
				CLANG_WARN_UNGUARDED_AVAILABILITY = YES_AGGRESSIVE;
				CLANG_WARN_UNREACHABLE_CODE = YES;
				CLANG_WARN__DUPLICATE_METHOD_MATCH = YES;
				COPY_PHASE_STRIP = NO;
				DEBUG_INFORMATION_FORMAT = dwarf;
				ENABLE_STRICT_OBJC_MSGSEND = YES;
				ENABLE_TESTABILITY = YES;
				GCC_C_LANGUAGE_STANDARD = gnu11;
				GCC_DYNAMIC_NO_PIC = NO;
				GCC_NO_COMMON_BLOCKS = YES;
				GCC_OPTIMIZATION_LEVEL = 0;
				GCC_PREPROCESSOR_DEFINITIONS = (
					"DEBUG=1",
					"$(inherited)",
				);
				GCC_WARN_64_TO_32_BIT_CONVERSION = YES;
				GCC_WARN_ABOUT_RETURN_TYPE = YES_ERROR;
				GCC_WARN_UNDECLARED_SELECTOR = YES;
				GCC_WARN_UNINITIALIZED_AUTOS = YES_AGGRESSIVE;
				GCC_WARN_UNUSED_FUNCTION = YES;
				GCC_WARN_UNUSED_VARIABLE = YES;
				IPHONEOS_DEPLOYMENT_TARGET = 16.0;
				MTL_ENABLE_DEBUG_INFO = INCLUDE_SOURCE;
				MTL_FAST_MATH = YES;
				ONLY_ACTIVE_ARCH = YES;
				SDKROOT = iphoneos;
				SWIFT_ACTIVE_COMPILATION_CONDITIONS = DEBUG;
				SWIFT_OPTIMIZATION_LEVEL = "-Onone";
			};
			name = Debug;
		};
		682AF19B29D614020032F7EB /* Release */ = {
			isa = XCBuildConfiguration;
			buildSettings = {
				ALWAYS_SEARCH_USER_PATHS = NO;
				CLANG_ANALYZER_NONNULL = YES;
				CLANG_ANALYZER_NUMBER_OBJECT_CONVERSION = YES_AGGRESSIVE;
				CLANG_CXX_LANGUAGE_STANDARD = "gnu++20";
				CLANG_ENABLE_MODULES = YES;
				CLANG_ENABLE_OBJC_ARC = YES;
				CLANG_ENABLE_OBJC_WEAK = YES;
				CLANG_WARN_BLOCK_CAPTURE_AUTORELEASING = YES;
				CLANG_WARN_BOOL_CONVERSION = YES;
				CLANG_WARN_COMMA = YES;
				CLANG_WARN_CONSTANT_CONVERSION = YES;
				CLANG_WARN_DEPRECATED_OBJC_IMPLEMENTATIONS = YES;
				CLANG_WARN_DIRECT_OBJC_ISA_USAGE = YES_ERROR;
				CLANG_WARN_DOCUMENTATION_COMMENTS = YES;
				CLANG_WARN_EMPTY_BODY = YES;
				CLANG_WARN_ENUM_CONVERSION = YES;
				CLANG_WARN_INFINITE_RECURSION = YES;
				CLANG_WARN_INT_CONVERSION = YES;
				CLANG_WARN_NON_LITERAL_NULL_CONVERSION = YES;
				CLANG_WARN_OBJC_IMPLICIT_RETAIN_SELF = YES;
				CLANG_WARN_OBJC_LITERAL_CONVERSION = YES;
				CLANG_WARN_OBJC_ROOT_CLASS = YES_ERROR;
				CLANG_WARN_QUOTED_INCLUDE_IN_FRAMEWORK_HEADER = YES;
				CLANG_WARN_RANGE_LOOP_ANALYSIS = YES;
				CLANG_WARN_STRICT_PROTOTYPES = YES;
				CLANG_WARN_SUSPICIOUS_MOVE = YES;
				CLANG_WARN_UNGUARDED_AVAILABILITY = YES_AGGRESSIVE;
				CLANG_WARN_UNREACHABLE_CODE = YES;
				CLANG_WARN__DUPLICATE_METHOD_MATCH = YES;
				COPY_PHASE_STRIP = NO;
				DEBUG_INFORMATION_FORMAT = "dwarf-with-dsym";
				ENABLE_NS_ASSERTIONS = NO;
				ENABLE_STRICT_OBJC_MSGSEND = YES;
				GCC_C_LANGUAGE_STANDARD = gnu11;
				GCC_NO_COMMON_BLOCKS = YES;
				GCC_WARN_64_TO_32_BIT_CONVERSION = YES;
				GCC_WARN_ABOUT_RETURN_TYPE = YES_ERROR;
				GCC_WARN_UNDECLARED_SELECTOR = YES;
				GCC_WARN_UNINITIALIZED_AUTOS = YES_AGGRESSIVE;
				GCC_WARN_UNUSED_FUNCTION = YES;
				GCC_WARN_UNUSED_VARIABLE = YES;
				IPHONEOS_DEPLOYMENT_TARGET = 16.0;
				MTL_ENABLE_DEBUG_INFO = NO;
				MTL_FAST_MATH = YES;
				SDKROOT = iphoneos;
				SWIFT_COMPILATION_MODE = wholemodule;
				SWIFT_OPTIMIZATION_LEVEL = "-O";
				VALIDATE_PRODUCT = YES;
			};
			name = Release;
		};
		682AF19D29D614020032F7EB /* Debug */ = {
			isa = XCBuildConfiguration;
			buildSettings = {
				ASSETCATALOG_COMPILER_APPICON_NAME = AppIcon;
				ASSETCATALOG_COMPILER_GLOBAL_ACCENT_COLOR_NAME = AccentColor;
				CODE_SIGN_STYLE = Automatic;
				CURRENT_PROJECT_VERSION = 1;
				DEVELOPMENT_ASSET_PATHS = "\"shotTimerSwiftUI/Preview Content\"";
				DEVELOPMENT_TEAM = UA4CL74R46;
				ENABLE_PREVIEWS = YES;
				GENERATE_INFOPLIST_FILE = YES;
				INFOPLIST_FILE = shotTimerSwiftUI/Info.plist;
				INFOPLIST_KEY_LSApplicationCategoryType = "";
				INFOPLIST_KEY_UIApplicationSceneManifest_Generation = YES;
				INFOPLIST_KEY_UIApplicationSupportsIndirectInputEvents = YES;
				INFOPLIST_KEY_UILaunchScreen_Generation = YES;
				INFOPLIST_KEY_UISupportedInterfaceOrientations_iPad = "UIInterfaceOrientationPortrait UIInterfaceOrientationPortraitUpsideDown UIInterfaceOrientationLandscapeLeft UIInterfaceOrientationLandscapeRight";
				INFOPLIST_KEY_UISupportedInterfaceOrientations_iPhone = "UIInterfaceOrientationPortrait UIInterfaceOrientationLandscapeLeft UIInterfaceOrientationLandscapeRight";
				LD_RUNPATH_SEARCH_PATHS = (
					"$(inherited)",
					"@executable_path/Frameworks",
				);
				MARKETING_VERSION = 1.0;
				PRODUCT_BUNDLE_IDENTIFIER = msslchmichal.shotTimerSwiftUI;
				PRODUCT_NAME = "$(TARGET_NAME)";
				SWIFT_EMIT_LOC_STRINGS = YES;
				SWIFT_VERSION = 5.0;
				TARGETED_DEVICE_FAMILY = "1,2";
			};
			name = Debug;
		};
		682AF19E29D614020032F7EB /* Release */ = {
			isa = XCBuildConfiguration;
			buildSettings = {
				ASSETCATALOG_COMPILER_APPICON_NAME = AppIcon;
				ASSETCATALOG_COMPILER_GLOBAL_ACCENT_COLOR_NAME = AccentColor;
				CODE_SIGN_STYLE = Automatic;
				CURRENT_PROJECT_VERSION = 1;
				DEVELOPMENT_ASSET_PATHS = "\"shotTimerSwiftUI/Preview Content\"";
				DEVELOPMENT_TEAM = UA4CL74R46;
				ENABLE_PREVIEWS = YES;
				GENERATE_INFOPLIST_FILE = YES;
				INFOPLIST_FILE = shotTimerSwiftUI/Info.plist;
				INFOPLIST_KEY_LSApplicationCategoryType = "";
				INFOPLIST_KEY_UIApplicationSceneManifest_Generation = YES;
				INFOPLIST_KEY_UIApplicationSupportsIndirectInputEvents = YES;
				INFOPLIST_KEY_UILaunchScreen_Generation = YES;
				INFOPLIST_KEY_UISupportedInterfaceOrientations_iPad = "UIInterfaceOrientationPortrait UIInterfaceOrientationPortraitUpsideDown UIInterfaceOrientationLandscapeLeft UIInterfaceOrientationLandscapeRight";
				INFOPLIST_KEY_UISupportedInterfaceOrientations_iPhone = "UIInterfaceOrientationPortrait UIInterfaceOrientationLandscapeLeft UIInterfaceOrientationLandscapeRight";
				LD_RUNPATH_SEARCH_PATHS = (
					"$(inherited)",
					"@executable_path/Frameworks",
				);
				MARKETING_VERSION = 1.0;
				PRODUCT_BUNDLE_IDENTIFIER = msslchmichal.shotTimerSwiftUI;
				PRODUCT_NAME = "$(TARGET_NAME)";
				SWIFT_EMIT_LOC_STRINGS = YES;
				SWIFT_VERSION = 5.0;
				TARGETED_DEVICE_FAMILY = "1,2";
			};
			name = Release;
		};
/* End XCBuildConfiguration section */

/* Begin XCConfigurationList section */
		682AF18929D613FF0032F7EB /* Build configuration list for PBXProject "shotTimerSwiftUI" */ = {
			isa = XCConfigurationList;
			buildConfigurations = (
				682AF19A29D614020032F7EB /* Debug */,
				682AF19B29D614020032F7EB /* Release */,
			);
			defaultConfigurationIsVisible = 0;
			defaultConfigurationName = Release;
		};
		682AF19C29D614020032F7EB /* Build configuration list for PBXNativeTarget "shotTimerSwiftUI" */ = {
			isa = XCConfigurationList;
			buildConfigurations = (
				682AF19D29D614020032F7EB /* Debug */,
				682AF19E29D614020032F7EB /* Release */,
			);
			defaultConfigurationIsVisible = 0;
			defaultConfigurationName = Release;
		};
/* End XCConfigurationList section */
	};
	rootObject = 682AF18629D613FF0032F7EB /* Project object */;
}
